{
  "name": "PZ1",
  "lockfileVersion": 3,
  "requires": true,
  "packages": {
    "": {
      "dependencies": {
        "xslt": "^0.9.1"
      }
    },
    "node_modules/xslt": {
      "version": "0.9.1",
      "resolved": "https://registry.npmjs.org/xslt/-/xslt-0.9.1.tgz",
      "integrity": "sha512-2eFkaiFRVkVzedBKYv3MUYmvvK9103NTNFGsyFhLim0Pad0q5yXp2j9tQM2lFW1gFr9fSXV70RRrdcRM7YdRcg==",
      "license": "MIT",
      "engines": {
        "node": ">=0.10.33"
      }
    }
  }
}
